{
  "version": 4,
  "terraform_version": "1.14.3",
  "serial": 169,
  "lineage": "4b825aff-b11e-7bd9-31fc-208d57433099",
  "outputs": {
    "url": {
      "value": "https://gakusyoku-app-lite-qsiyskp4aq-an.a.run.app",
      "type": "string"
    }
  },
  "resources": [
    {
      "mode": "data",
      "type": "archive_file",
      "name": "source",
      "provider": "provider[\"registry.terraform.io/hashicorp/archive\"]",
      "instances": [
        {
          "schema_version": 0,
          "attributes": {
            "exclude_symlink_directories": null,
            "excludes": null,
            "id": "7bf54f100562db302cd6a5010ac75f30e51826ad",
            "output_base64sha256": "Js81nAQdn80/eqQlx24bHX3X5CslTWP2c+XVTgiRFAU=",
            "output_base64sha512": "F4vjoAU6L9Kmkk98w6xu3CLmwmSfAFvl8b6i/iXMAbanMV0mVVfUrFSUJtvmkir5+gFGSa1vz/6B+VlQmynu7w==",
            "output_file_mode": null,
            "output_md5": "7ae6e9c733a374495b5c74dce94e898e",
            "output_path": "./../gakusyoku_app.zip",
            "output_sha": "7bf54f100562db302cd6a5010ac75f30e51826ad",
            "output_sha256": "26cf359c041d9fcd3f7aa425c76e1b1d7dd7e42b254d63f673e5d54e08911405",
            "output_sha512": "178be3a0053a2fd2a6924f7cc3ac6edc22e6c2649f005be5f1bea2fe25cc01b6a7315d265557d4ac549426dbe6922af9fa014649ad6fcffe81f959509b29eeef",
            "output_size": 23608,
            "source": [],
            "source_content": null,
            "source_content_filename": null,
            "source_dir": "./../gakusyoku_app",
            "source_file": null,
            "type": "zip"
          },
          "sensitive_attributes": [],
          "identity_schema_version": 0
        }
      ]
    },
    {
      "mode": "data",
      "type": "google_client_openid_userinfo",
      "name": "terraform_runner",
      "provider": "provider[\"registry.terraform.io/hashicorp/google\"]",
      "instances": [
        {
          "schema_version": 0,
          "attributes": {
            "email": "leonleon1215@gmail.com",
            "id": "leonleon1215@gmail.com"
          },
          "sensitive_attributes": [],
          "identity_schema_version": 0
        }
      ]
    },
    {
      "mode": "data",
      "type": "google_project",
      "name": "project",
      "provider": "provider[\"registry.terraform.io/hashicorp/google\"]",
      "instances": [
        {
          "schema_version": 0,
          "attributes": {
            "auto_create_network": null,
            "billing_account": "01CD0B-614EA5-A485AA",
            "deletion_policy": "DELETE",
            "effective_labels": {},
            "folder_id": null,
            "id": "projects/tyurome-pj",
            "labels": {},
            "name": "tyurome-pj",
            "number": "621782831061",
            "org_id": null,
            "project_id": "tyurome-pj",
            "skip_delete": null,
            "terraform_labels": {}
          },
          "sensitive_attributes": [],
          "identity_schema_version": 0
        }
      ]
    },
    {
      "mode": "managed",
      "type": "google_artifact_registry_repository",
      "name": "main",
      "provider": "provider[\"registry.terraform.io/hashicorp/google\"]",
      "instances": [
        {
          "schema_version": 0,
          "attributes": {
            "cleanup_policies": [],
            "cleanup_policy_dry_run": false,
            "create_time": "2026-03-21T05:28:25.487181Z",
            "description": "",
            "docker_config": [],
            "effective_labels": {},
            "format": "DOCKER",
            "id": "projects/tyurome-pj/locations/asia-northeast1/repositories/gakusyoku-app",
            "kms_key_name": "",
            "labels": {},
            "location": "asia-northeast1",
            "maven_config": [],
            "mode": "STANDARD_REPOSITORY",
            "name": "gakusyoku-app",
            "project": "tyurome-pj",
            "remote_repository_config": [],
            "repository_id": "gakusyoku-app",
            "terraform_labels": {},
            "timeouts": null,
            "update_time": "2026-03-21T05:30:56.616484Z",
            "virtual_repository_config": []
          },
          "sensitive_attributes": [],
          "identity_schema_version": 0,
          "private": "eyJlMmJmYjczMC1lY2FhLTExZTYtOGY4OC0zNDM2M2JjN2M0YzAiOnsiY3JlYXRlIjoxMjAwMDAwMDAwMDAwLCJkZWxldGUiOjEyMDAwMDAwMDAwMDAsInVwZGF0ZSI6MTIwMDAwMDAwMDAwMH19",
          "dependencies": [
            "google_project_service.artifact_registry"
          ]
        }
      ]
    },
    {
      "mode": "managed",
      "type": "google_cloud_run_v2_service",
      "name": "main",
      "provider": "provider[\"registry.terraform.io/hashicorp/google\"]",
      "instances": [
        {
          "schema_version": 0,
          "attributes": {
            "annotations": {},
            "binary_authorization": [],
            "client": "",
            "client_version": "",
            "conditions": [
              {
                "execution_reason": "",
                "last_transition_time": "2026-03-21T05:32:37.760412Z",
                "message": "",
                "reason": "",
                "revision_reason": "",
                "severity": "",
                "state": "CONDITION_SUCCEEDED",
                "type": "RoutesReady"
              },
              {
                "execution_reason": "",
                "last_transition_time": "2026-03-21T05:32:33.457303Z",
                "message": "",
                "reason": "",
                "revision_reason": "",
                "severity": "",
                "state": "CONDITION_SUCCEEDED",
                "type": "ConfigurationsReady"
              }
            ],
            "create_time": "2026-03-21T05:32:32.581649Z",
            "creator": "leonleon1215@gmail.com",
            "custom_audiences": [],
            "delete_time": "",
            "description": "",
            "effective_annotations": {},
            "effective_labels": {},
            "etag": "\"CPDa-M0GEOiErZUC/cHJvamVjdHMvdHl1cm9tZS1wai9sb2NhdGlvbnMvYXNpYS1ub3J0aGVhc3QxL3NlcnZpY2VzL2dha3VzeW9rdS1hcHAtbGl0ZQ\"",
            "expire_time": "",
            "generation": "1",
            "id": "projects/tyurome-pj/locations/asia-northeast1/services/gakusyoku-app-lite",
            "ingress": "INGRESS_TRAFFIC_ALL",
            "labels": {},
            "last_modifier": "leonleon1215@gmail.com",
            "latest_created_revision": "projects/tyurome-pj/locations/asia-northeast1/services/gakusyoku-app-lite/revisions/gakusyoku-app-lite-00001-2rh",
            "latest_ready_revision": "projects/tyurome-pj/locations/asia-northeast1/services/gakusyoku-app-lite/revisions/gakusyoku-app-lite-00001-2rh",
            "launch_stage": "GA",
            "location": "asia-northeast1",
            "name": "gakusyoku-app-lite",
            "observed_generation": "1",
            "project": "tyurome-pj",
            "reconciling": false,
            "template": [
              {
                "annotations": {},
                "containers": [
                  {
                    "args": [],
                    "command": [],
                    "depends_on": [],
                    "env": [],
                    "image": "asia-northeast1-docker.pkg.dev/tyurome-pj/gakusyoku-app/app:latest",
                    "liveness_probe": [],
                    "name": "",
                    "ports": [
                      {
                        "container_port": 8080,
                        "name": "http1"
                      }
                    ],
                    "resources": [
                      {
                        "cpu_idle": true,
                        "limits": {
                          "cpu": "1000m",
                          "memory": "512Mi"
                        },
                        "startup_cpu_boost": false
                      }
                    ],
                    "startup_probe": [
                      {
                        "failure_threshold": 1,
                        "grpc": [],
                        "http_get": [],
                        "initial_delay_seconds": 0,
                        "period_seconds": 240,
                        "tcp_socket": [
                          {
                            "port": 8080
                          }
                        ],
                        "timeout_seconds": 240
                      }
                    ],
                    "volume_mounts": [],
                    "working_dir": ""
                  }
                ],
                "encryption_key": "",
                "execution_environment": "",
                "labels": {},
                "max_instance_request_concurrency": 80,
                "revision": "",
                "scaling": [
                  {
                    "max_instance_count": 1,
                    "min_instance_count": 0
                  }
                ],
                "service_account": "gakusyoku-app@tyurome-pj.iam.gserviceaccount.com",
                "session_affinity": false,
                "timeout": "300s",
                "volumes": [],
                "vpc_access": []
              }
            ],
            "terminal_condition": [
              {
                "execution_reason": "",
                "last_transition_time": "2026-03-21T05:32:37.789277Z",
                "message": "",
                "reason": "",
                "revision_reason": "",
                "severity": "",
                "state": "CONDITION_SUCCEEDED",
                "type": "Ready"
              }
            ],
            "terraform_labels": {},
            "timeouts": null,
            "traffic": [
              {
                "percent": 100,
                "revision": "",
                "tag": "",
                "type": "TRAFFIC_TARGET_ALLOCATION_TYPE_LATEST"
              }
            ],
            "traffic_statuses": [
              {
                "percent": 100,
                "revision": "",
                "tag": "",
                "type": "TRAFFIC_TARGET_ALLOCATION_TYPE_LATEST",
                "uri": ""
              }
            ],
            "uid": "e0a4ea11-2d92-4caf-9ada-00f49e8490cf",
            "update_time": "2026-03-21T05:32:32.581649Z",
            "uri": "https://gakusyoku-app-lite-qsiyskp4aq-an.a.run.app"
          },
          "sensitive_attributes": [],
          "identity_schema_version": 0,
          "private": "eyJlMmJmYjczMC1lY2FhLTExZTYtOGY4OC0zNDM2M2JjN2M0YzAiOnsiY3JlYXRlIjoxMjAwMDAwMDAwMDAwLCJkZWxldGUiOjEyMDAwMDAwMDAwMDAsInVwZGF0ZSI6MTIwMDAwMDAwMDAwMH19",
          "dependencies": [
            "data.google_project.project",
            "google_artifact_registry_repository.main",
            "google_project_service.artifact_registry",
            "google_project_service.cloud_run",
            "google_service_account.app"
          ]
        }
      ]
    },
    {
      "mode": "managed",
      "type": "google_cloud_run_v2_service_iam_member",
      "name": "cloud_run_noauth",
      "provider": "provider[\"registry.terraform.io/hashicorp/google\"]",
      "instances": [
        {
          "schema_version": 0,
          "attributes": {
            "condition": [],
            "etag": "BwZNgiGBL7Y=",
            "id": "projects/tyurome-pj/locations/asia-northeast1/services/gakusyoku-app-lite/roles/run.invoker/allUsers",
            "location": "asia-northeast1",
            "member": "allUsers",
            "name": "projects/tyurome-pj/locations/asia-northeast1/services/gakusyoku-app-lite",
            "project": "tyurome-pj",
            "role": "roles/run.invoker"
          },
          "sensitive_attributes": [],
          "identity_schema_version": 0,
          "private": "bnVsbA==",
          "dependencies": [
            "data.google_project.project",
            "google_artifact_registry_repository.main",
            "google_cloud_run_v2_service.main",
            "google_project_service.artifact_registry",
            "google_project_service.cloud_run",
            "google_service_account.app"
          ]
        }
      ]
    },
    {
      "mode": "managed",
      "type": "google_cloudbuild_trigger",
      "name": "deploy",
      "provider": "provider[\"registry.terraform.io/hashicorp/google\"]",
      "instances": [
        {
          "schema_version": 2,
          "attributes": {
            "approval_config": [
              {
                "approval_required": false
              }
            ],
            "bitbucket_server_trigger_config": [],
            "build": [
              {
                "artifacts": [],
                "available_secrets": [],
                "images": [],
                "logs_bucket": "",
                "options": [
                  {
                    "disk_size_gb": 0,
                    "dynamic_substitutions": false,
                    "env": [],
                    "log_streaming_option": "",
                    "logging": "CLOUD_LOGGING_ONLY",
                    "machine_type": "",
                    "requested_verify_option": "",
                    "secret_env": [],
                    "source_provenance_hash": [],
                    "substitution_option": "",
                    "volumes": [],
                    "worker_pool": ""
                  }
                ],
                "queue_ttl": "",
                "secret": [],
                "source": [],
                "step": [
                  {
                    "allow_exit_codes": [],
                    "allow_failure": false,
                    "args": [
                      "-c",
                      "mkdir -p /workspace/docker \u0026\u0026 gsutil -m cp gs://tyurome-pj-source/config/Dockerfile gs://tyurome-pj-source/config/litestream.yml gs://tyurome-pj-source/config/run.sh /workspace/docker/"
                    ],
                    "dir": "",
                    "entrypoint": "bash",
                    "env": [],
                    "id": "",
                    "name": "gcr.io/google.com/cloudsdktool/cloud-sdk",
                    "script": "",
                    "secret_env": [],
                    "timeout": "",
                    "timing": "",
                    "volumes": [],
                    "wait_for": []
                  },
                  {
                    "allow_exit_codes": [],
                    "allow_failure": false,
                    "args": [
                      "-c",
                      "mkdir -p /workspace/gakusyoku_app \u0026\u0026 gsutil cp gs://tyurome-pj-source/gakusyoku-app/source.zip /workspace/source.zip \u0026\u0026 apt-get install -y unzip -qq \u0026\u0026 unzip -o /workspace/source.zip -d /workspace/gakusyoku_app"
                    ],
                    "dir": "",
                    "entrypoint": "bash",
                    "env": [],
                    "id": "",
                    "name": "gcr.io/google.com/cloudsdktool/cloud-sdk",
                    "script": "",
                    "secret_env": [],
                    "timeout": "",
                    "timing": "",
                    "volumes": [],
                    "wait_for": []
                  },
                  {
                    "allow_exit_codes": [],
                    "allow_failure": false,
                    "args": [
                      "build",
                      "-f",
                      "docker/Dockerfile",
                      "-t",
                      "asia-northeast1-docker.pkg.dev/tyurome-pj/gakusyoku-app/app:latest",
                      "."
                    ],
                    "dir": "",
                    "entrypoint": "",
                    "env": [],
                    "id": "",
                    "name": "gcr.io/cloud-builders/docker",
                    "script": "",
                    "secret_env": [],
                    "timeout": "",
                    "timing": "",
                    "volumes": [],
                    "wait_for": []
                  },
                  {
                    "allow_exit_codes": [],
                    "allow_failure": false,
                    "args": [
                      "push",
                      "asia-northeast1-docker.pkg.dev/tyurome-pj/gakusyoku-app/app:latest"
                    ],
                    "dir": "",
                    "entrypoint": "",
                    "env": [],
                    "id": "",
                    "name": "gcr.io/cloud-builders/docker",
                    "script": "",
                    "secret_env": [],
                    "timeout": "",
                    "timing": "",
                    "volumes": [],
                    "wait_for": []
                  },
                  {
                    "allow_exit_codes": [],
                    "allow_failure": false,
                    "args": [
                      "run",
                      "deploy",
                      "gakusyoku-app-lite",
                      "--image",
                      "asia-northeast1-docker.pkg.dev/tyurome-pj/gakusyoku-app/app:latest",
                      "--region",
                      "asia-northeast1",
                      "--project",
                      "tyurome-pj"
                    ],
                    "dir": "",
                    "entrypoint": "gcloud",
                    "env": [],
                    "id": "",
                    "name": "gcr.io/google.com/cloudsdktool/cloud-sdk",
                    "script": "",
                    "secret_env": [],
                    "timeout": "",
                    "timing": "",
                    "volumes": [],
                    "wait_for": []
                  }
                ],
                "substitutions": {},
                "tags": [],
                "timeout": "600s"
              }
            ],
            "create_time": "2026-03-21T05:32:45.480903310Z",
            "description": "GCS へのソースアップロードをトリガーに Cloud Run をデプロイする",
            "disabled": false,
            "filename": "",
            "filter": "",
            "git_file_source": [],
            "github": [],
            "id": "projects/tyurome-pj/triggers/e2425279-9ead-468f-8a7d-a0bf39f95ace",
            "ignored_files": [],
            "include_build_logs": "",
            "included_files": [],
            "location": "global",
            "name": "gakusyoku-app-deploy",
            "project": "tyurome-pj",
            "pubsub_config": [
              {
                "service_account_email": "",
                "state": "",
                "subscription": "projects/621782831061/subscriptions/gcb-gakusyoku-app-deploy",
                "topic": "projects/tyurome-pj/topics/gakusyoku-app-source-upload"
              }
            ],
            "repository_event_config": [],
            "service_account": "projects/tyurome-pj/serviceAccounts/gakusyoku-build-trigger@tyurome-pj.iam.gserviceaccount.com",
            "source_to_build": [],
            "substitutions": {},
            "tags": [],
            "timeouts": null,
            "trigger_id": "e2425279-9ead-468f-8a7d-a0bf39f95ace",
            "trigger_template": [],
            "webhook_config": []
          },
          "sensitive_attributes": [],
          "identity_schema_version": 0,
          "private": "eyJlMmJmYjczMC1lY2FhLTExZTYtOGY4OC0zNDM2M2JjN2M0YzAiOnsiY3JlYXRlIjoxMjAwMDAwMDAwMDAwLCJkZWxldGUiOjEyMDAwMDAwMDAwMDAsInVwZGF0ZSI6MTIwMDAwMDAwMDAwMH0sInNjaGVtYV92ZXJzaW9uIjoiMiJ9",
          "dependencies": [
            "data.google_project.project",
            "google_artifact_registry_repository.main",
            "google_cloud_run_v2_service.main",
            "google_project_service.artifact_registry",
            "google_project_service.cloud_build",
            "google_project_service.cloud_run",
            "google_pubsub_topic.source_upload",
            "google_service_account.app",
            "google_service_account.cloud_build_trigger",
            "google_storage_bucket.source"
          ]
        }
      ]
    },
    {
      "mode": "managed",
      "type": "google_project_iam_member",
      "name": "app_storage_admin",
      "provider": "provider[\"registry.terraform.io/hashicorp/google\"]",
      "instances": [
        {
          "schema_version": 0,
          "attributes": {
            "condition": [],
            "etag": "BwZNghIyOwc=",
            "id": "tyurome-pj/roles/storage.admin/serviceAccount:gakusyoku-app@tyurome-pj.iam.gserviceaccount.com",
            "member": "serviceAccount:gakusyoku-app@tyurome-pj.iam.gserviceaccount.com",
            "project": "tyurome-pj",
            "role": "roles/storage.admin"
          },
          "sensitive_attributes": [],
          "identity_schema_version": 0,
          "private": "bnVsbA==",
          "dependencies": [
            "data.google_project.project",
            "google_service_account.app"
          ]
        }
      ]
    },
    {
      "mode": "managed",
      "type": "google_project_iam_member",
      "name": "cloud_build_artifact_writer",
      "provider": "provider[\"registry.terraform.io/hashicorp/google\"]",
      "instances": [
        {
          "schema_version": 0,
          "attributes": {
            "condition": [],
            "etag": "BwZNghIyOwc=",
            "id": "tyurome-pj/roles/artifactregistry.writer/serviceAccount:gakusyoku-build-trigger@tyurome-pj.iam.gserviceaccount.com",
            "member": "serviceAccount:gakusyoku-build-trigger@tyurome-pj.iam.gserviceaccount.com",
            "project": "tyurome-pj",
            "role": "roles/artifactregistry.writer"
          },
          "sensitive_attributes": [],
          "identity_schema_version": 0,
          "private": "bnVsbA==",
          "dependencies": [
            "data.google_project.project",
            "google_service_account.cloud_build_trigger"
          ]
        }
      ]
    },
    {
      "mode": "managed",
      "type": "google_project_iam_member",
      "name": "cloud_build_builds_builder",
      "provider": "provider[\"registry.terraform.io/hashicorp/google\"]",
      "instances": [
        {
          "schema_version": 0,
          "attributes": {
            "condition": [],
            "etag": "BwZNghIyOwc=",
            "id": "tyurome-pj/roles/cloudbuild.builds.builder/serviceAccount:gakusyoku-build-trigger@tyurome-pj.iam.gserviceaccount.com",
            "member": "serviceAccount:gakusyoku-build-trigger@tyurome-pj.iam.gserviceaccount.com",
            "project": "tyurome-pj",
            "role": "roles/cloudbuild.builds.builder"
          },
          "sensitive_attributes": [],
          "identity_schema_version": 0,
          "private": "bnVsbA==",
          "dependencies": [
            "data.google_project.project",
            "google_service_account.cloud_build_trigger"
          ]
        }
      ]
    },
    {
      "mode": "managed",
      "type": "google_project_iam_member",
      "name": "cloud_build_run_admin",
      "provider": "provider[\"registry.terraform.io/hashicorp/google\"]",
      "instances": [
        {
          "schema_version": 0,
          "attributes": {
            "condition": [],
            "etag": "BwZNghIyOwc=",
            "id": "tyurome-pj/roles/run.admin/serviceAccount:gakusyoku-build-trigger@tyurome-pj.iam.gserviceaccount.com",
            "member": "serviceAccount:gakusyoku-build-trigger@tyurome-pj.iam.gserviceaccount.com",
            "project": "tyurome-pj",
            "role": "roles/run.admin"
          },
          "sensitive_attributes": [],
          "identity_schema_version": 0,
          "private": "bnVsbA==",
          "dependencies": [
            "data.google_project.project",
            "google_service_account.cloud_build_trigger"
          ]
        }
      ]
    },
    {
      "mode": "managed",
      "type": "google_project_iam_member",
      "name": "cloud_build_sa_user",
      "provider": "provider[\"registry.terraform.io/hashicorp/google\"]",
      "instances": [
        {
          "schema_version": 0,
          "attributes": {
            "condition": [],
            "etag": "BwZNghIyOwc=",
            "id": "tyurome-pj/roles/iam.serviceAccountUser/serviceAccount:gakusyoku-build-trigger@tyurome-pj.iam.gserviceaccount.com",
            "member": "serviceAccount:gakusyoku-build-trigger@tyurome-pj.iam.gserviceaccount.com",
            "project": "tyurome-pj",
            "role": "roles/iam.serviceAccountUser"
          },
          "sensitive_attributes": [],
          "identity_schema_version": 0,
          "private": "bnVsbA==",
          "dependencies": [
            "data.google_project.project",
            "google_service_account.cloud_build_trigger"
          ]
        }
      ]
    },
    {
      "mode": "managed",
      "type": "google_project_iam_member",
      "name": "operators_log_viewer",
      "provider": "provider[\"registry.terraform.io/hashicorp/google\"]",
      "instances": [
        {
          "index_key": "uytrewq31415@gmail.com",
          "schema_version": 0,
          "attributes": {
            "condition": [],
            "etag": "BwZNghIyOwc=",
            "id": "tyurome-pj/roles/logging.viewer/user:uytrewq31415@gmail.com",
            "member": "user:uytrewq31415@gmail.com",
            "project": "tyurome-pj",
            "role": "roles/logging.viewer"
          },
          "sensitive_attributes": [],
          "identity_schema_version": 0,
          "private": "bnVsbA==",
          "dependencies": [
            "data.google_project.project"
          ]
        }
      ]
    },
    {
      "mode": "managed",
      "type": "google_project_iam_member",
      "name": "operators_run_viewer",
      "provider": "provider[\"registry.terraform.io/hashicorp/google\"]",
      "instances": [
        {
          "index_key": "uytrewq31415@gmail.com",
          "schema_version": 0,
          "attributes": {
            "condition": [],
            "etag": "BwZNghIyOwc=",
            "id": "tyurome-pj/roles/run.viewer/user:uytrewq31415@gmail.com",
            "member": "user:uytrewq31415@gmail.com",
            "project": "tyurome-pj",
            "role": "roles/run.viewer"
          },
          "sensitive_attributes": [],
          "identity_schema_version": 0,
          "private": "bnVsbA==",
          "dependencies": [
            "data.google_project.project"
          ]
        }
      ]
    },
    {
      "mode": "managed",
      "type": "google_project_service",
      "name": "artifact_registry",
      "provider": "provider[\"registry.terraform.io/hashicorp/google\"]",
      "instances": [
        {
          "schema_version": 0,
          "attributes": {
            "disable_dependent_services": null,
            "disable_on_destroy": false,
            "id": "tyurome-pj/artifactregistry.googleapis.com",
            "project": "tyurome-pj",
            "service": "artifactregistry.googleapis.com",
            "timeouts": null
          },
          "sensitive_attributes": [],
          "identity_schema_version": 0,
          "private": "eyJlMmJmYjczMC1lY2FhLTExZTYtOGY4OC0zNDM2M2JjN2M0YzAiOnsiY3JlYXRlIjoxMjAwMDAwMDAwMDAwLCJkZWxldGUiOjEyMDAwMDAwMDAwMDAsInJlYWQiOjYwMDAwMDAwMDAwMCwidXBkYXRlIjoxMjAwMDAwMDAwMDAwfX0="
        }
      ]
    },
    {
      "mode": "managed",
      "type": "google_project_service",
      "name": "cloud_build",
      "provider": "provider[\"registry.terraform.io/hashicorp/google\"]",
      "instances": [
        {
          "schema_version": 0,
          "attributes": {
            "disable_dependent_services": null,
            "disable_on_destroy": false,
            "id": "tyurome-pj/cloudbuild.googleapis.com",
            "project": "tyurome-pj",
            "service": "cloudbuild.googleapis.com",
            "timeouts": null
          },
          "sensitive_attributes": [],
          "identity_schema_version": 0,
          "private": "eyJlMmJmYjczMC1lY2FhLTExZTYtOGY4OC0zNDM2M2JjN2M0YzAiOnsiY3JlYXRlIjoxMjAwMDAwMDAwMDAwLCJkZWxldGUiOjEyMDAwMDAwMDAwMDAsInJlYWQiOjYwMDAwMDAwMDAwMCwidXBkYXRlIjoxMjAwMDAwMDAwMDAwfX0="
        }
      ]
    },
    {
      "mode": "managed",
      "type": "google_project_service",
      "name": "cloud_run",
      "provider": "provider[\"registry.terraform.io/hashicorp/google\"]",
      "instances": [
        {
          "schema_version": 0,
          "attributes": {
            "disable_dependent_services": null,
            "disable_on_destroy": false,
            "id": "tyurome-pj/run.googleapis.com",
            "project": "tyurome-pj",
            "service": "run.googleapis.com",
            "timeouts": null
          },
          "sensitive_attributes": [],
          "identity_schema_version": 0,
          "private": "eyJlMmJmYjczMC1lY2FhLTExZTYtOGY4OC0zNDM2M2JjN2M0YzAiOnsiY3JlYXRlIjoxMjAwMDAwMDAwMDAwLCJkZWxldGUiOjEyMDAwMDAwMDAwMDAsInJlYWQiOjYwMDAwMDAwMDAwMCwidXBkYXRlIjoxMjAwMDAwMDAwMDAwfX0="
        }
      ]
    },
    {
      "mode": "managed",
      "type": "google_project_service",
      "name": "pubsub",
      "provider": "provider[\"registry.terraform.io/hashicorp/google\"]",
      "instances": [
        {
          "schema_version": 0,
          "attributes": {
            "disable_dependent_services": null,
            "disable_on_destroy": false,
            "id": "tyurome-pj/pubsub.googleapis.com",
            "project": "tyurome-pj",
            "service": "pubsub.googleapis.com",
            "timeouts": null
          },
          "sensitive_attributes": [],
          "identity_schema_version": 0,
          "private": "eyJlMmJmYjczMC1lY2FhLTExZTYtOGY4OC0zNDM2M2JjN2M0YzAiOnsiY3JlYXRlIjoxMjAwMDAwMDAwMDAwLCJkZWxldGUiOjEyMDAwMDAwMDAwMDAsInJlYWQiOjYwMDAwMDAwMDAwMCwidXBkYXRlIjoxMjAwMDAwMDAwMDAwfX0="
        }
      ]
    },
    {
      "mode": "managed",
      "type": "google_pubsub_topic",
      "name": "source_upload",
      "provider": "provider[\"registry.terraform.io/hashicorp/google\"]",
      "instances": [
        {
          "schema_version": 0,
          "attributes": {
            "effective_labels": {},
            "id": "projects/tyurome-pj/topics/gakusyoku-app-source-upload",
            "ingestion_data_source_settings": [],
            "kms_key_name": "",
            "labels": {},
            "message_retention_duration": "",
            "message_storage_policy": [],
            "name": "gakusyoku-app-source-upload",
            "project": "tyurome-pj",
            "schema_settings": [],
            "terraform_labels": {},
            "timeouts": null
          },
          "sensitive_attributes": [],
          "identity_schema_version": 0,
          "private": "eyJlMmJmYjczMC1lY2FhLTExZTYtOGY4OC0zNDM2M2JjN2M0YzAiOnsiY3JlYXRlIjoxMjAwMDAwMDAwMDAwLCJkZWxldGUiOjEyMDAwMDAwMDAwMDAsInVwZGF0ZSI6MTIwMDAwMDAwMDAwMH19"
        }
      ]
    },
    {
      "mode": "managed",
      "type": "google_pubsub_topic_iam_member",
      "name": "gcs_publisher",
      "provider": "provider[\"registry.terraform.io/hashicorp/google\"]",
      "instances": [
        {
          "schema_version": 0,
          "attributes": {
            "condition": [],
            "etag": "BwZNghEVcCQ=",
            "id": "projects/tyurome-pj/topics/gakusyoku-app-source-upload/roles/pubsub.publisher/serviceAccount:service-621782831061@gs-project-accounts.iam.gserviceaccount.com",
            "member": "serviceAccount:service-621782831061@gs-project-accounts.iam.gserviceaccount.com",
            "project": "tyurome-pj",
            "role": "roles/pubsub.publisher",
            "topic": "projects/tyurome-pj/topics/gakusyoku-app-source-upload"
          },
          "sensitive_attributes": [],
          "identity_schema_version": 0,
          "private": "bnVsbA==",
          "dependencies": [
            "data.google_project.project",
            "google_pubsub_topic.source_upload"
          ]
        }
      ]
    },
    {
      "mode": "managed",
      "type": "google_service_account",
      "name": "app",
      "provider": "provider[\"registry.terraform.io/hashicorp/google\"]",
      "instances": [
        {
          "schema_version": 0,
          "attributes": {
            "account_id": "gakusyoku-app",
            "create_ignore_already_exists": null,
            "description": "",
            "disabled": false,
            "display_name": "gakusyoku-app runtime SA",
            "email": "gakusyoku-app@tyurome-pj.iam.gserviceaccount.com",
            "id": "projects/tyurome-pj/serviceAccounts/gakusyoku-app@tyurome-pj.iam.gserviceaccount.com",
            "member": "serviceAccount:gakusyoku-app@tyurome-pj.iam.gserviceaccount.com",
            "name": "projects/tyurome-pj/serviceAccounts/gakusyoku-app@tyurome-pj.iam.gserviceaccount.com",
            "project": "tyurome-pj",
            "timeouts": null,
            "unique_id": "114147348768600887000"
          },
          "sensitive_attributes": [],
          "identity_schema_version": 0,
          "private": "eyJlMmJmYjczMC1lY2FhLTExZTYtOGY4OC0zNDM2M2JjN2M0YzAiOnsiY3JlYXRlIjozMDAwMDAwMDAwMDB9fQ=="
        }
      ]
    },
    {
      "mode": "managed",
      "type": "google_service_account",
      "name": "cloud_build_trigger",
      "provider": "provider[\"registry.terraform.io/hashicorp/google\"]",
      "instances": [
        {
          "schema_version": 0,
          "attributes": {
            "account_id": "gakusyoku-build-trigger",
            "create_ignore_already_exists": null,
            "description": "",
            "disabled": false,
            "display_name": "Cloud Build trigger SA for gakusyoku-app",
            "email": "gakusyoku-build-trigger@tyurome-pj.iam.gserviceaccount.com",
            "id": "projects/tyurome-pj/serviceAccounts/gakusyoku-build-trigger@tyurome-pj.iam.gserviceaccount.com",
            "member": "serviceAccount:gakusyoku-build-trigger@tyurome-pj.iam.gserviceaccount.com",
            "name": "projects/tyurome-pj/serviceAccounts/gakusyoku-build-trigger@tyurome-pj.iam.gserviceaccount.com",
            "project": "tyurome-pj",
            "timeouts": null,
            "unique_id": "107516033746733410341"
          },
          "sensitive_attributes": [],
          "identity_schema_version": 0,
          "private": "eyJlMmJmYjczMC1lY2FhLTExZTYtOGY4OC0zNDM2M2JjN2M0YzAiOnsiY3JlYXRlIjozMDAwMDAwMDAwMDB9fQ=="
        }
      ]
    },
    {
      "mode": "managed",
      "type": "google_storage_bucket",
      "name": "db",
      "provider": "provider[\"registry.terraform.io/hashicorp/google\"]",
      "instances": [
        {
          "schema_version": 2,
          "attributes": {
            "autoclass": [],
            "cors": [],
            "custom_placement_config": [],
            "default_event_based_hold": false,
            "effective_labels": {},
            "enable_object_retention": false,
            "encryption": [],
            "force_destroy": true,
            "id": "gakusyoku_app-db",
            "labels": {},
            "lifecycle_rule": [],
            "location": "ASIA-NORTHEAST1",
            "logging": [],
            "name": "gakusyoku_app-db",
            "project": "tyurome-pj",
            "project_number": 621782831061,
            "public_access_prevention": "inherited",
            "requester_pays": false,
            "retention_policy": [],
            "rpo": null,
            "self_link": "https://www.googleapis.com/storage/v1/b/gakusyoku_app-db",
            "soft_delete_policy": [
              {
                "effective_time": "2026-03-21T05:28:02.771Z",
                "retention_duration_seconds": 604800
              }
            ],
            "storage_class": "STANDARD",
            "terraform_labels": {},
            "timeouts": null,
            "uniform_bucket_level_access": false,
            "url": "gs://gakusyoku_app-db",
            "versioning": [],
            "website": []
          },
          "sensitive_attributes": [],
          "identity_schema_version": 0,
          "private": "eyJlMmJmYjczMC1lY2FhLTExZTYtOGY4OC0zNDM2M2JjN2M0YzAiOnsiY3JlYXRlIjo2MDAwMDAwMDAwMDAsInJlYWQiOjI0MDAwMDAwMDAwMCwidXBkYXRlIjoyNDAwMDAwMDAwMDB9LCJzY2hlbWFfdmVyc2lvbiI6IjIifQ=="
        }
      ]
    },
    {
      "mode": "managed",
      "type": "google_storage_bucket",
      "name": "source",
      "provider": "provider[\"registry.terraform.io/hashicorp/google\"]",
      "instances": [
        {
          "schema_version": 2,
          "attributes": {
            "autoclass": [],
            "cors": [],
            "custom_placement_config": [],
            "default_event_based_hold": false,
            "effective_labels": {},
            "enable_object_retention": false,
            "encryption": [],
            "force_destroy": true,
            "id": "tyurome-pj-source",
            "labels": {},
            "lifecycle_rule": [],
            "location": "ASIA-NORTHEAST1",
            "logging": [],
            "name": "tyurome-pj-source",
            "project": "tyurome-pj",
            "project_number": 621782831061,
            "public_access_prevention": "inherited",
            "requester_pays": false,
            "retention_policy": [],
            "rpo": null,
            "self_link": "https://www.googleapis.com/storage/v1/b/tyurome-pj-source",
            "soft_delete_policy": [
              {
                "effective_time": "2026-03-21T05:28:02.677Z",
                "retention_duration_seconds": 604800
              }
            ],
            "storage_class": "STANDARD",
            "terraform_labels": {},
            "timeouts": null,
            "uniform_bucket_level_access": true,
            "url": "gs://tyurome-pj-source",
            "versioning": [],
            "website": []
          },
          "sensitive_attributes": [],
          "identity_schema_version": 0,
          "private": "eyJlMmJmYjczMC1lY2FhLTExZTYtOGY4OC0zNDM2M2JjN2M0YzAiOnsiY3JlYXRlIjo2MDAwMDAwMDAwMDAsInJlYWQiOjI0MDAwMDAwMDAwMCwidXBkYXRlIjoyNDAwMDAwMDAwMDB9LCJzY2hlbWFfdmVyc2lvbiI6IjIifQ==",
          "dependencies": [
            "data.google_project.project"
          ]
        }
      ]
    },
    {
      "mode": "managed",
      "type": "google_storage_bucket_iam_member",
      "name": "cloud_build_source_reader",
      "provider": "provider[\"registry.terraform.io/hashicorp/google\"]",
      "instances": [
        {
          "schema_version": 0,
          "attributes": {
            "bucket": "b/tyurome-pj-source",
            "condition": [],
            "etag": "CAc=",
            "id": "b/tyurome-pj-source/roles/storage.objectViewer/serviceAccount:gakusyoku-build-trigger@tyurome-pj.iam.gserviceaccount.com",
            "member": "serviceAccount:gakusyoku-build-trigger@tyurome-pj.iam.gserviceaccount.com",
            "role": "roles/storage.objectViewer"
          },
          "sensitive_attributes": [],
          "identity_schema_version": 0,
          "private": "bnVsbA==",
          "dependencies": [
            "data.google_project.project",
            "google_service_account.cloud_build_trigger",
            "google_storage_bucket.source"
          ]
        }
      ]
    },
    {
      "mode": "managed",
      "type": "google_storage_bucket_iam_member",
      "name": "operators_source_reader",
      "provider": "provider[\"registry.terraform.io/hashicorp/google\"]",
      "instances": [
        {
          "index_key": "uytrewq31415@gmail.com",
          "schema_version": 0,
          "attributes": {
            "bucket": "b/tyurome-pj-source",
            "condition": [],
            "etag": "CAc=",
            "id": "b/tyurome-pj-source/roles/storage.legacyBucketReader/user:uytrewq31415@gmail.com",
            "member": "user:uytrewq31415@gmail.com",
            "role": "roles/storage.legacyBucketReader"
          },
          "sensitive_attributes": [],
          "identity_schema_version": 0,
          "private": "bnVsbA==",
          "dependencies": [
            "data.google_project.project",
            "google_storage_bucket.source"
          ]
        }
      ]
    },
    {
      "mode": "managed",
      "type": "google_storage_bucket_iam_member",
      "name": "operators_source_upload",
      "provider": "provider[\"registry.terraform.io/hashicorp/google\"]",
      "instances": [
        {
          "index_key": "uytrewq31415@gmail.com",
          "schema_version": 0,
          "attributes": {
            "bucket": "b/tyurome-pj-source",
            "condition": [
              {
                "description": "",
                "expression": "resource.name.startsWith(\"projects/_/buckets/tyurome-pj-source/objects/gakusyoku-app/\")",
                "title": "gakusyoku-app prefix only"
              }
            ],
            "etag": "CAk=",
            "id": "b/tyurome-pj-source/roles/storage.objectUser/user:uytrewq31415@gmail.com/gakusyoku-app prefix only//resource.name.startsWith(\"projects/_/buckets/tyurome-pj-source/objects/gakusyoku-app/\")",
            "member": "user:uytrewq31415@gmail.com",
            "role": "roles/storage.objectUser"
          },
          "sensitive_attributes": [],
          "identity_schema_version": 0,
          "private": "bnVsbA==",
          "dependencies": [
            "data.google_project.project",
            "google_storage_bucket.source"
          ]
        }
      ]
    },
    {
      "mode": "managed",
      "type": "google_storage_bucket_iam_member",
      "name": "terraform_runner_admin",
      "provider": "provider[\"registry.terraform.io/hashicorp/google\"]",
      "instances": [
        {
          "schema_version": 0,
          "attributes": {
            "bucket": "b/tyurome-pj-source",
            "condition": [],
            "etag": "CAc=",
            "id": "b/tyurome-pj-source/roles/storage.admin/user:leonleon1215@gmail.com",
            "member": "user:leonleon1215@gmail.com",
            "role": "roles/storage.admin"
          },
          "sensitive_attributes": [],
          "identity_schema_version": 0,
          "private": "bnVsbA==",
          "dependencies": [
            "data.google_client_openid_userinfo.terraform_runner",
            "data.google_project.project",
            "google_storage_bucket.source"
          ]
        }
      ]
    },
    {
      "mode": "managed",
      "type": "google_storage_bucket_object",
      "name": "dockerfile",
      "provider": "provider[\"registry.terraform.io/hashicorp/google\"]",
      "instances": [
        {
          "schema_version": 0,
          "attributes": {
            "bucket": "tyurome-pj-source",
            "cache_control": "",
            "content": null,
            "content_disposition": "",
            "content_encoding": "",
            "content_language": "",
            "content_type": "text/plain; charset=utf-8",
            "crc32c": "vFsIMg==",
            "customer_encryption": [],
            "detect_md5hash": "w8eq1CNhWhQjuGy2RgSUcQ==",
            "event_based_hold": false,
            "generation": 1774070883297122,
            "id": "tyurome-pj-source-config/Dockerfile",
            "kms_key_name": "",
            "md5hash": "w8eq1CNhWhQjuGy2RgSUcQ==",
            "media_link": "https://storage.googleapis.com/download/storage/v1/b/tyurome-pj-source/o/config%2FDockerfile?generation=1774070883297122\u0026alt=media",
            "metadata": {},
            "name": "config/Dockerfile",
            "output_name": "config/Dockerfile",
            "retention": [],
            "self_link": "https://www.googleapis.com/storage/v1/b/tyurome-pj-source/o/config%2FDockerfile",
            "source": "./../docker/Dockerfile",
            "storage_class": "STANDARD",
            "temporary_hold": false,
            "timeouts": null
          },
          "sensitive_attributes": [
            [
              {
                "type": "get_attr",
                "value": "content"
              }
            ]
          ],
          "identity_schema_version": 0,
          "private": "eyJlMmJmYjczMC1lY2FhLTExZTYtOGY4OC0zNDM2M2JjN2M0YzAiOnsiY3JlYXRlIjoyNDAwMDAwMDAwMDAsImRlbGV0ZSI6MjQwMDAwMDAwMDAwLCJ1cGRhdGUiOjI0MDAwMDAwMDAwMH19",
          "dependencies": [
            "data.google_project.project",
            "google_storage_bucket.source"
          ]
        }
      ]
    },
    {
      "mode": "managed",
      "type": "google_storage_bucket_object",
      "name": "litestream_yml",
      "provider": "provider[\"registry.terraform.io/hashicorp/google\"]",
      "instances": [
        {
          "schema_version": 0,
          "attributes": {
            "bucket": "tyurome-pj-source",
            "cache_control": "",
            "content": null,
            "content_disposition": "",
            "content_encoding": "",
            "content_language": "",
            "content_type": "text/plain; charset=utf-8",
            "crc32c": "q1rsFQ==",
            "customer_encryption": [],
            "detect_md5hash": "3MxYzv0RYQVrnXev85wfsA==",
            "event_based_hold": false,
            "generation": 1774070882986279,
            "id": "tyurome-pj-source-config/litestream.yml",
            "kms_key_name": "",
            "md5hash": "3MxYzv0RYQVrnXev85wfsA==",
            "media_link": "https://storage.googleapis.com/download/storage/v1/b/tyurome-pj-source/o/config%2Flitestream.yml?generation=1774070882986279\u0026alt=media",
            "metadata": {},
            "name": "config/litestream.yml",
            "output_name": "config/litestream.yml",
            "retention": [],
            "self_link": "https://www.googleapis.com/storage/v1/b/tyurome-pj-source/o/config%2Flitestream.yml",
            "source": "./../docker/litestream.yml",
            "storage_class": "STANDARD",
            "temporary_hold": false,
            "timeouts": null
          },
          "sensitive_attributes": [
            [
              {
                "type": "get_attr",
                "value": "content"
              }
            ]
          ],
          "identity_schema_version": 0,
          "private": "eyJlMmJmYjczMC1lY2FhLTExZTYtOGY4OC0zNDM2M2JjN2M0YzAiOnsiY3JlYXRlIjoyNDAwMDAwMDAwMDAsImRlbGV0ZSI6MjQwMDAwMDAwMDAwLCJ1cGRhdGUiOjI0MDAwMDAwMDAwMH19",
          "dependencies": [
            "data.google_project.project",
            "google_storage_bucket.source"
          ]
        }
      ]
    },
    {
      "mode": "managed",
      "type": "google_storage_bucket_object",
      "name": "run_sh",
      "provider": "provider[\"registry.terraform.io/hashicorp/google\"]",
      "instances": [
        {
          "schema_version": 0,
          "attributes": {
            "bucket": "tyurome-pj-source",
            "cache_control": "",
            "content": null,
            "content_disposition": "",
            "content_encoding": "",
            "content_language": "",
            "content_type": "text/plain; charset=utf-8",
            "crc32c": "iBA+nQ==",
            "customer_encryption": [],
            "detect_md5hash": "mYqv+tZF/aza1TzDfznifw==",
            "event_based_hold": false,
            "generation": 1774070883082296,
            "id": "tyurome-pj-source-config/run.sh",
            "kms_key_name": "",
            "md5hash": "mYqv+tZF/aza1TzDfznifw==",
            "media_link": "https://storage.googleapis.com/download/storage/v1/b/tyurome-pj-source/o/config%2Frun.sh?generation=1774070883082296\u0026alt=media",
            "metadata": {},
            "name": "config/run.sh",
            "output_name": "config/run.sh",
            "retention": [],
            "self_link": "https://www.googleapis.com/storage/v1/b/tyurome-pj-source/o/config%2Frun.sh",
            "source": "./../docker/run.sh",
            "storage_class": "STANDARD",
            "temporary_hold": false,
            "timeouts": null
          },
          "sensitive_attributes": [
            [
              {
                "type": "get_attr",
                "value": "content"
              }
            ]
          ],
          "identity_schema_version": 0,
          "private": "eyJlMmJmYjczMC1lY2FhLTExZTYtOGY4OC0zNDM2M2JjN2M0YzAiOnsiY3JlYXRlIjoyNDAwMDAwMDAwMDAsImRlbGV0ZSI6MjQwMDAwMDAwMDAwLCJ1cGRhdGUiOjI0MDAwMDAwMDAwMH19",
          "dependencies": [
            "data.google_project.project",
            "google_storage_bucket.source"
          ]
        }
      ]
    },
    {
      "mode": "managed",
      "type": "google_storage_bucket_object",
      "name": "source",
      "provider": "provider[\"registry.terraform.io/hashicorp/google\"]",
      "instances": [
        {
          "schema_version": 0,
          "attributes": {
            "bucket": "tyurome-pj-source",
            "cache_control": "",
            "content": null,
            "content_disposition": "",
            "content_encoding": "",
            "content_language": "",
            "content_type": "application/zip",
            "crc32c": "O3mqhw==",
            "customer_encryption": [],
            "detect_md5hash": "eubpxzOjdElbXHTc6U6Jjg==",
            "event_based_hold": false,
            "generation": 1774070883187084,
            "id": "tyurome-pj-source-gakusyoku-app/source.zip",
            "kms_key_name": "",
            "md5hash": "eubpxzOjdElbXHTc6U6Jjg==",
            "media_link": "https://storage.googleapis.com/download/storage/v1/b/tyurome-pj-source/o/gakusyoku-app%2Fsource.zip?generation=1774070883187084\u0026alt=media",
            "metadata": {},
            "name": "gakusyoku-app/source.zip",
            "output_name": "gakusyoku-app/source.zip",
            "retention": [],
            "self_link": "https://www.googleapis.com/storage/v1/b/tyurome-pj-source/o/gakusyoku-app%2Fsource.zip",
            "source": "./../gakusyoku_app.zip",
            "storage_class": "STANDARD",
            "temporary_hold": false,
            "timeouts": null
          },
          "sensitive_attributes": [
            [
              {
                "type": "get_attr",
                "value": "content"
              }
            ]
          ],
          "identity_schema_version": 0,
          "private": "eyJlMmJmYjczMC1lY2FhLTExZTYtOGY4OC0zNDM2M2JjN2M0YzAiOnsiY3JlYXRlIjoyNDAwMDAwMDAwMDAsImRlbGV0ZSI6MjQwMDAwMDAwMDAwLCJ1cGRhdGUiOjI0MDAwMDAwMDAwMH19",
          "dependencies": [
            "data.archive_file.source",
            "data.google_project.project",
            "google_storage_bucket.source"
          ]
        }
      ]
    },
    {
      "mode": "managed",
      "type": "google_storage_notification",
      "name": "source_upload",
      "provider": "provider[\"registry.terraform.io/hashicorp/google\"]",
      "instances": [
        {
          "schema_version": 0,
          "attributes": {
            "bucket": "tyurome-pj-source",
            "custom_attributes": {},
            "event_types": [
              "OBJECT_FINALIZE"
            ],
            "id": "tyurome-pj-source/notificationConfigs/1",
            "notification_id": "1",
            "object_name_prefix": "gakusyoku-app/",
            "payload_format": "JSON_API_V1",
            "self_link": "https://www.googleapis.com/storage/v1/b/tyurome-pj-source/notificationConfigs/1",
            "topic": "//pubsub.googleapis.com/projects/tyurome-pj/topics/gakusyoku-app-source-upload"
          },
          "sensitive_attributes": [],
          "identity_schema_version": 0,
          "private": "bnVsbA==",
          "dependencies": [
            "data.google_project.project",
            "google_pubsub_topic.source_upload",
            "google_pubsub_topic_iam_member.gcs_publisher",
            "google_storage_bucket.source"
          ]
        }
      ]
    }
  ],
  "check_results": null
}
